
Microsoft Visual Studio Solution File, Format Version 12.00
# Visual Studio Version 16
VisualStudioVersion = 16.0.30204.135
MinimumVisualStudioVersion = 10.0.40219.1
Project("{FAE04EC0-301F-11D3-BF4B-00C04F79EFBC}") = "SampleProductApp", "SampleProductApp.csproj", "{54146993-6598-4816-B1E5-00FAF4DFCC76}"
EndProject
Project("{FAE04EC0-301F-11D3-BF4B-00C04F79EFBC}") = "SampleProjectTest", "..\SampleProjectTest\SampleProjectTest.csproj", "{FA8A7CDE-F3D1-4B4F-96AA-16D5ACC435F4}"
EndProject
Global
	GlobalSection(SolutionConfigurationPlatforms) = preSolution
		Debug|Any CPU = Debug|Any CPU
		Release|Any CPU = Release|Any CPU
	EndGlobalSection
	GlobalSection(ProjectConfigurationPlatforms) = postSolution
		{54146993-6598-4816-B1E5-00FAF4DFCC76}.Debug|Any CPU.ActiveCfg = Debug|Any CPU
		{54146993-6598-4816-B1E5-00FAF4DFCC76}.Debug|Any CPU.Build.0 = Debug|Any CPU
		{54146993-6598-4816-B1E5-00FAF4DFCC76}.Release|Any CPU.ActiveCfg = Release|Any CPU
		{54146993-6598-4816-B1E5-00FAF4DFCC76}.Release|Any CPU.Build.0 = Release|Any CPU
		{FA8A7CDE-F3D1-4B4F-96AA-16D5ACC435F4}.Debug|Any CPU.ActiveCfg = Debug|Any CPU
		{FA8A7CDE-F3D1-4B4F-96AA-16D5ACC435F4}.Debug|Any CPU.Build.0 = Debug|Any CPU
		{FA8A7CDE-F3D1-4B4F-96AA-16D5ACC435F4}.Release|Any CPU.ActiveCfg = Release|Any CPU
		{FA8A7CDE-F3D1-4B4F-96AA-16D5ACC435F4}.Release|Any CPU.Build.0 = Release|Any CPU
	EndGlobalSection
	GlobalSection(SolutionProperties) = preSolution
		HideSolutionNode = FALSE
	EndGlobalSection
	GlobalSection(ExtensibilityGlobals) = postSolution
		SolutionGuid = {F7298B6B-EA2D-4DF1-B4B3-24A43A2B4001}
	EndGlobalSection
EndGlobal
